
Microsoft Visual Studio Solution File, Format Version 12.00
# Visual Studio 16
Project("{FAE04EC0-301F-11D3-BF4B-00C04F79EFBC}") = "Assembly-CSharp", "Assembly-CSharp.csproj", "{C68A538E-DFD3-0567-C9BE-1171500597E3}"
EndProject
Project("{FAE04EC0-301F-11D3-BF4B-00C04F79EFBC}") = "Assembly-CSharp-Editor", "Assembly-CSharp-Editor.csproj", "{BA82F0E1-26D2-5427-3F33-AE0B2B942B54}"
EndProject
Global
	GlobalSection(SolutionConfigurationPlatforms) = preSolution
		Debug|Any CPU = Debug|Any CPU
		Release|Any CPU = Release|Any CPU
	EndGlobalSection
	GlobalSection(ProjectConfigurationPlatforms) = postSolution
		{C68A538E-DFD3-0567-C9BE-1171500597E3}.Debug|Any CPU.ActiveCfg = Debug|Any CPU
		{C68A538E-DFD3-0567-C9BE-1171500597E3}.Debug|Any CPU.Build.0 = Debug|Any CPU
		{C68A538E-DFD3-0567-C9BE-1171500597E3}.Release|Any CPU.ActiveCfg = Release|Any CPU
		{C68A538E-DFD3-0567-C9BE-1171500597E3}.Release|Any CPU.Build.0 = Release|Any CPU
		{BA82F0E1-26D2-5427-3F33-AE0B2B942B54}.Debug|Any CPU.ActiveCfg = Debug|Any CPU
		{BA82F0E1-26D2-5427-3F33-AE0B2B942B54}.Debug|Any CPU.Build.0 = Debug|Any CPU
		{BA82F0E1-26D2-5427-3F33-AE0B2B942B54}.Release|Any CPU.ActiveCfg = Release|Any CPU
		{BA82F0E1-26D2-5427-3F33-AE0B2B942B54}.Release|Any CPU.Build.0 = Release|Any CPU
	EndGlobalSection
	GlobalSection(SolutionProperties) = preSolution
		HideSolutionNode = FALSE
	EndGlobalSection
EndGlobal
